
Microsoft Visual Studio Solution File, Format Version 12.00
# Visual Studio Version 17
VisualStudioVersion = 17.1.32407.343
MinimumVisualStudioVersion = 10.0.40219.1
Project("{FAE04EC0-301F-11D3-BF4B-00C04F79EFBC}") = "坦克大战升级版", "坦克大战升级版\坦克大战升级版.csproj", "{70EE66FA-BB4E-48B4-BC50-076CED32FB93}"
EndProject
Global
	GlobalSection(SolutionConfigurationPlatforms) = preSolution
		Debug|Any CPU = Debug|Any CPU
		Release|Any CPU = Release|Any CPU
	EndGlobalSection
	GlobalSection(ProjectConfigurationPlatforms) = postSolution
		{70EE66FA-BB4E-48B4-BC50-076CED32FB93}.Debug|Any CPU.ActiveCfg = Debug|Any CPU
		{70EE66FA-BB4E-48B4-BC50-076CED32FB93}.Debug|Any CPU.Build.0 = Debug|Any CPU
		{70EE66FA-BB4E-48B4-BC50-076CED32FB93}.Release|Any CPU.ActiveCfg = Release|Any CPU
		{70EE66FA-BB4E-48B4-BC50-076CED32FB93}.Release|Any CPU.Build.0 = Release|Any CPU
	EndGlobalSection
	GlobalSection(SolutionProperties) = preSolution
		HideSolutionNode = FALSE
	EndGlobalSection
	GlobalSection(ExtensibilityGlobals) = postSolution
		SolutionGuid = {07800472-4203-41A6-94AF-475F6D4AA3B0}
	EndGlobalSection
EndGlobal
